{
  "name": "ajs-node",
  "version": "1.0.0",
  "lockfileVersion": 3,
  "requires": true,
  "packages": {
    "": {
      "name": "ajs-node",
      "version": "1.0.0",
      "license": "ISC",
      "dependencies": {
        "@vlad8820/ajs": "^1.0.0"
      }
    },
    "node_modules/@vlad8820/ajs": {
      "version": "1.0.0",
      "resolved": "https://npm.pkg.github.com/download/@vlad8820/ajs/1.0.0/11773e4b99ca7173abc5660f86b835b240140e94",
      "integrity": "sha512-kSoJ5ICan4VNPARsyhKUf+zgWMvXS8eCHgpa9zUssdH0AsYCkMJf7CSLsTweltRWxQkRw5gP4G3fJR0wpYQnTw=="
    }
  }
}
